
Microsoft Visual Studio Solution File, Format Version 12.00
# Visual Studio Version 17
VisualStudioVersion = 17.9.34701.34
MinimumVisualStudioVersion = 10.0.40219.1
Project("{9A19103F-16F7-4668-BE54-9A1E7A4F7556}") = "CTOTracker", "CTOTracker\CTOTracker.csproj", "{F1980FF9-181C-440B-AE33-487527EC5C18}"
EndProject
Project("{54435603-DBB4-11D2-8724-00A0C9A8B90C}") = "VeCTOr", "VeCTOr\VeCTOr.vdproj", "{39BF8119-BAD9-4F12-AE84-FE2E2BE5D544}"
EndProject
Global
	GlobalSection(SolutionConfigurationPlatforms) = preSolution
		Debug|Any CPU = Debug|Any CPU
		Release|Any CPU = Release|Any CPU
	EndGlobalSection
	GlobalSection(ProjectConfigurationPlatforms) = postSolution
		{F1980FF9-181C-440B-AE33-487527EC5C18}.Debug|Any CPU.ActiveCfg = Debug|Any CPU
		{F1980FF9-181C-440B-AE33-487527EC5C18}.Debug|Any CPU.Build.0 = Debug|Any CPU
		{F1980FF9-181C-440B-AE33-487527EC5C18}.Release|Any CPU.ActiveCfg = Release|Any CPU
		{F1980FF9-181C-440B-AE33-487527EC5C18}.Release|Any CPU.Build.0 = Release|Any CPU
		{39BF8119-BAD9-4F12-AE84-FE2E2BE5D544}.Debug|Any CPU.ActiveCfg = Debug
		{39BF8119-BAD9-4F12-AE84-FE2E2BE5D544}.Release|Any CPU.ActiveCfg = Release
	EndGlobalSection
	GlobalSection(SolutionProperties) = preSolution
		HideSolutionNode = FALSE
	EndGlobalSection
	GlobalSection(ExtensibilityGlobals) = postSolution
		SolutionGuid = {9FF55CC2-5FD9-4328-8232-38D780B96647}
	EndGlobalSection
EndGlobal
